
Microsoft Visual Studio Solution File, Format Version 12.00
# Visual Studio Version 16
VisualStudioVersion = 16.0.31005.135
MinimumVisualStudioVersion = 10.0.40219.1
Project("{9A19103F-16F7-4668-BE54-9A1E7A4F7556}") = "MatrixTrace", "MatrixTrace\MatrixTrace.csproj", "{D3D15E15-3816-4417-9C94-8E4C5DB10BF4}"
EndProject
Project("{FAE04EC0-301F-11D3-BF4B-00C04F79EFBC}") = "MatrixTrace.Tests", "MatrixTrace.Tests\MatrixTrace.Tests.csproj", "{558F6D61-B9D0-49AE-96FA-CE4BE2D35FE4}"
EndProject
Global
	GlobalSection(SolutionConfigurationPlatforms) = preSolution
		Debug|Any CPU = Debug|Any CPU
		Release|Any CPU = Release|Any CPU
	EndGlobalSection
	GlobalSection(ProjectConfigurationPlatforms) = postSolution
		{D3D15E15-3816-4417-9C94-8E4C5DB10BF4}.Debug|Any CPU.ActiveCfg = Debug|Any CPU
		{D3D15E15-3816-4417-9C94-8E4C5DB10BF4}.Debug|Any CPU.Build.0 = Debug|Any CPU
		{D3D15E15-3816-4417-9C94-8E4C5DB10BF4}.Release|Any CPU.ActiveCfg = Release|Any CPU
		{D3D15E15-3816-4417-9C94-8E4C5DB10BF4}.Release|Any CPU.Build.0 = Release|Any CPU
		{558F6D61-B9D0-49AE-96FA-CE4BE2D35FE4}.Debug|Any CPU.ActiveCfg = Debug|Any CPU
		{558F6D61-B9D0-49AE-96FA-CE4BE2D35FE4}.Debug|Any CPU.Build.0 = Debug|Any CPU
		{558F6D61-B9D0-49AE-96FA-CE4BE2D35FE4}.Release|Any CPU.ActiveCfg = Release|Any CPU
		{558F6D61-B9D0-49AE-96FA-CE4BE2D35FE4}.Release|Any CPU.Build.0 = Release|Any CPU
	EndGlobalSection
	GlobalSection(SolutionProperties) = preSolution
		HideSolutionNode = FALSE
	EndGlobalSection
	GlobalSection(ExtensibilityGlobals) = postSolution
		SolutionGuid = {5606274D-3B76-4A5D-8737-DA51DE6FE944}
	EndGlobalSection
EndGlobal
